
Microsoft Visual Studio Solution File, Format Version 12.00
# Visual Studio Version 17
VisualStudioVersion = 17.2.32630.192
MinimumVisualStudioVersion = 10.0.40219.1
Project("{2150E333-8FDC-42A3-9474-1A3956D46DE8}") = "Tests", "Tests", "{42F671C4-FB9B-47AB-9EC3-570D1B731D68}"
EndProject
Project("{2150E333-8FDC-42A3-9474-1A3956D46DE8}") = "Client", "Client", "{07E163EB-E9B2-4652-A87C-8D39B8B63B20}"
EndProject
Project("{2150E333-8FDC-42A3-9474-1A3956D46DE8}") = "Domain", "Domain", "{411ED75E-7AC2-4161-B3D1-AC9D130399D9}"
EndProject
Project("{2150E333-8FDC-42A3-9474-1A3956D46DE8}") = "Application", "Application", "{267A1CEB-98F9-4440-B7AC-D9DE2379CBEE}"
EndProject
Project("{2150E333-8FDC-42A3-9474-1A3956D46DE8}") = "Infrastructure", "Infrastructure", "{AD81FC2F-47D4-49DA-A716-929E1D6F3BF7}"
EndProject
Project("{2150E333-8FDC-42A3-9474-1A3956D46DE8}") = "UnitTest", "UnitTest", "{58E52751-B7AD-45BD-A2FA-B126A3ADFC2D}"
EndProject
Project("{9A19103F-16F7-4668-BE54-9A1E7A4F7556}") = "FMS.Infrastructure", "FMS.Infrastructure\FMS.Infrastructure.csproj", "{4BAD8419-AEF6-4616-BBFD-EF760F8F7CDF}"
EndProject
Project("{9A19103F-16F7-4668-BE54-9A1E7A4F7556}") = "FMS.Application", "FMS.Application\FMS.Application.csproj", "{0F478377-A2A2-4AA6-BCF5-CEB60C6A11ED}"
EndProject
Project("{9A19103F-16F7-4668-BE54-9A1E7A4F7556}") = "GPSgateWebserviceTest", "GPSgateWebserviceTest\GPSgateWebserviceTest.csproj", "{45F810DD-DA2B-40D0-8476-FDC6E672E7B3}"
EndProject
Project("{2150E333-8FDC-42A3-9474-1A3956D46DE8}") = "Persistence", "Persistence", "{B6569468-F660-4FAA-920A-1C7471837F38}"
EndProject
Project("{9A19103F-16F7-4668-BE54-9A1E7A4F7556}") = "FMS.Persistence", "FMS.Persistence\FMS.Persistence.csproj", "{D5D3A755-43FD-43C8-AA3D-539C5CB5BE43}"
EndProject
Project("{FAE04EC0-301F-11D3-BF4B-00C04F79EFBC}") = "FMS.Domain", "FMS.Domain\FMS.Domain.csproj", "{6C548AB2-7745-47FA-BF1F-72B074350D53}"
EndProject
Global
	GlobalSection(SolutionConfigurationPlatforms) = preSolution
		Debug|Any CPU = Debug|Any CPU
		Release|Any CPU = Release|Any CPU
	EndGlobalSection
	GlobalSection(ProjectConfigurationPlatforms) = postSolution
		{4BAD8419-AEF6-4616-BBFD-EF760F8F7CDF}.Debug|Any CPU.ActiveCfg = Debug|Any CPU
		{4BAD8419-AEF6-4616-BBFD-EF760F8F7CDF}.Debug|Any CPU.Build.0 = Debug|Any CPU
		{4BAD8419-AEF6-4616-BBFD-EF760F8F7CDF}.Release|Any CPU.ActiveCfg = Release|Any CPU
		{4BAD8419-AEF6-4616-BBFD-EF760F8F7CDF}.Release|Any CPU.Build.0 = Release|Any CPU
		{0F478377-A2A2-4AA6-BCF5-CEB60C6A11ED}.Debug|Any CPU.ActiveCfg = Debug|Any CPU
		{0F478377-A2A2-4AA6-BCF5-CEB60C6A11ED}.Debug|Any CPU.Build.0 = Debug|Any CPU
		{0F478377-A2A2-4AA6-BCF5-CEB60C6A11ED}.Release|Any CPU.ActiveCfg = Release|Any CPU
		{0F478377-A2A2-4AA6-BCF5-CEB60C6A11ED}.Release|Any CPU.Build.0 = Release|Any CPU
		{45F810DD-DA2B-40D0-8476-FDC6E672E7B3}.Debug|Any CPU.ActiveCfg = Debug|Any CPU
		{45F810DD-DA2B-40D0-8476-FDC6E672E7B3}.Debug|Any CPU.Build.0 = Debug|Any CPU
		{45F810DD-DA2B-40D0-8476-FDC6E672E7B3}.Release|Any CPU.ActiveCfg = Release|Any CPU
		{45F810DD-DA2B-40D0-8476-FDC6E672E7B3}.Release|Any CPU.Build.0 = Release|Any CPU
		{D5D3A755-43FD-43C8-AA3D-539C5CB5BE43}.Debug|Any CPU.ActiveCfg = Debug|Any CPU
		{D5D3A755-43FD-43C8-AA3D-539C5CB5BE43}.Debug|Any CPU.Build.0 = Debug|Any CPU
		{D5D3A755-43FD-43C8-AA3D-539C5CB5BE43}.Release|Any CPU.ActiveCfg = Release|Any CPU
		{D5D3A755-43FD-43C8-AA3D-539C5CB5BE43}.Release|Any CPU.Build.0 = Release|Any CPU
		{6C548AB2-7745-47FA-BF1F-72B074350D53}.Debug|Any CPU.ActiveCfg = Debug|Any CPU
		{6C548AB2-7745-47FA-BF1F-72B074350D53}.Debug|Any CPU.Build.0 = Debug|Any CPU
		{6C548AB2-7745-47FA-BF1F-72B074350D53}.Release|Any CPU.ActiveCfg = Release|Any CPU
		{6C548AB2-7745-47FA-BF1F-72B074350D53}.Release|Any CPU.Build.0 = Release|Any CPU
	EndGlobalSection
	GlobalSection(SolutionProperties) = preSolution
		HideSolutionNode = FALSE
	EndGlobalSection
	GlobalSection(NestedProjects) = preSolution
		{58E52751-B7AD-45BD-A2FA-B126A3ADFC2D} = {42F671C4-FB9B-47AB-9EC3-570D1B731D68}
		{4BAD8419-AEF6-4616-BBFD-EF760F8F7CDF} = {AD81FC2F-47D4-49DA-A716-929E1D6F3BF7}
		{0F478377-A2A2-4AA6-BCF5-CEB60C6A11ED} = {267A1CEB-98F9-4440-B7AC-D9DE2379CBEE}
		{45F810DD-DA2B-40D0-8476-FDC6E672E7B3} = {58E52751-B7AD-45BD-A2FA-B126A3ADFC2D}
		{D5D3A755-43FD-43C8-AA3D-539C5CB5BE43} = {B6569468-F660-4FAA-920A-1C7471837F38}
		{6C548AB2-7745-47FA-BF1F-72B074350D53} = {411ED75E-7AC2-4161-B3D1-AC9D130399D9}
	EndGlobalSection
	GlobalSection(ExtensibilityGlobals) = postSolution
		SolutionGuid = {AE4591FD-3712-4253-AC15-4A4C47361A8F}
	EndGlobalSection
EndGlobal
