
Microsoft Visual Studio Solution File, Format Version 12.00
# Visual Studio Version 16
VisualStudioVersion = 16.0.29709.97
MinimumVisualStudioVersion = 10.0.40219.1
Project("{9A19103F-16F7-4668-BE54-9A1E7A4F7556}") = "Hyoung.FMS.WebServices", "Hyoung.FMS.WebServices\Hyoung.FMS.WebServices.csproj", "{378632CD-366A-402B-854F-AF855BA81212}"
EndProject
Project("{9A19103F-16F7-4668-BE54-9A1E7A4F7556}") = "Hyoung.test", "Hyoung.test\Hyoung.test.csproj", "{1E874E43-50CD-4F4B-BE72-4964EB009B9B}"
EndProject
Project("{9A19103F-16F7-4668-BE54-9A1E7A4F7556}") = "Hyoung.FMS.DAL", "Hyoung.FMS.DAL\Hyoung.FMS.DAL.csproj", "{71E8E56C-EF26-409B-AC4D-B476BAA0FB8A}"
EndProject
Project("{FAE04EC0-301F-11D3-BF4B-00C04F79EFBC}") = "Hyoung.FMS.WebAPI", "Hyoung.FMS.WebAPI\Hyoung.FMS.WebAPI.csproj", "{F9D39A68-9F57-434F-9296-48065DCC3620}"
EndProject
Project("{9A19103F-16F7-4668-BE54-9A1E7A4F7556}") = "Hyoung.FMS.Model", "Hyoung.FMS.Model\Hyoung.FMS.Model.csproj", "{F11E9BA9-8887-4A41-A626-DDEE113AAE42}"
EndProject
Project("{2150E333-8FDC-42A3-9474-1A3956D46DE8}") = "Tests", "Tests", "{42F671C4-FB9B-47AB-9EC3-570D1B731D68}"
EndProject
Project("{9A19103F-16F7-4668-BE54-9A1E7A4F7556}") = "Webservices.test", "Webservices.test\Webservices.test.csproj", "{EE2A26EA-86AF-4671-97FE-1BBC5834D801}"
EndProject
Project("{2150E333-8FDC-42A3-9474-1A3956D46DE8}") = "Client", "Client", "{07E163EB-E9B2-4652-A87C-8D39B8B63B20}"
EndProject
Project("{9A19103F-16F7-4668-BE54-9A1E7A4F7556}") = "Hyoung.FMS.WebClient", "Client\Hyoung.FMS.WebClient\Hyoung.FMS.WebClient.csproj", "{1630B839-0A0A-4A16-8C30-E97539CBCD62}"
EndProject
Global
	GlobalSection(SolutionConfigurationPlatforms) = preSolution
		Debug|Any CPU = Debug|Any CPU
		Release|Any CPU = Release|Any CPU
	EndGlobalSection
	GlobalSection(ProjectConfigurationPlatforms) = postSolution
		{378632CD-366A-402B-854F-AF855BA81212}.Debug|Any CPU.ActiveCfg = Debug|Any CPU
		{378632CD-366A-402B-854F-AF855BA81212}.Debug|Any CPU.Build.0 = Debug|Any CPU
		{378632CD-366A-402B-854F-AF855BA81212}.Release|Any CPU.ActiveCfg = Release|Any CPU
		{378632CD-366A-402B-854F-AF855BA81212}.Release|Any CPU.Build.0 = Release|Any CPU
		{1E874E43-50CD-4F4B-BE72-4964EB009B9B}.Debug|Any CPU.ActiveCfg = Debug|Any CPU
		{1E874E43-50CD-4F4B-BE72-4964EB009B9B}.Debug|Any CPU.Build.0 = Debug|Any CPU
		{1E874E43-50CD-4F4B-BE72-4964EB009B9B}.Release|Any CPU.ActiveCfg = Release|Any CPU
		{1E874E43-50CD-4F4B-BE72-4964EB009B9B}.Release|Any CPU.Build.0 = Release|Any CPU
		{71E8E56C-EF26-409B-AC4D-B476BAA0FB8A}.Debug|Any CPU.ActiveCfg = Debug|Any CPU
		{71E8E56C-EF26-409B-AC4D-B476BAA0FB8A}.Debug|Any CPU.Build.0 = Debug|Any CPU
		{71E8E56C-EF26-409B-AC4D-B476BAA0FB8A}.Release|Any CPU.ActiveCfg = Release|Any CPU
		{71E8E56C-EF26-409B-AC4D-B476BAA0FB8A}.Release|Any CPU.Build.0 = Release|Any CPU
		{F9D39A68-9F57-434F-9296-48065DCC3620}.Debug|Any CPU.ActiveCfg = Debug|Any CPU
		{F9D39A68-9F57-434F-9296-48065DCC3620}.Debug|Any CPU.Build.0 = Debug|Any CPU
		{F9D39A68-9F57-434F-9296-48065DCC3620}.Release|Any CPU.ActiveCfg = Release|Any CPU
		{F9D39A68-9F57-434F-9296-48065DCC3620}.Release|Any CPU.Build.0 = Release|Any CPU
		{F11E9BA9-8887-4A41-A626-DDEE113AAE42}.Debug|Any CPU.ActiveCfg = Debug|Any CPU
		{F11E9BA9-8887-4A41-A626-DDEE113AAE42}.Debug|Any CPU.Build.0 = Debug|Any CPU
		{F11E9BA9-8887-4A41-A626-DDEE113AAE42}.Release|Any CPU.ActiveCfg = Release|Any CPU
		{F11E9BA9-8887-4A41-A626-DDEE113AAE42}.Release|Any CPU.Build.0 = Release|Any CPU
		{EE2A26EA-86AF-4671-97FE-1BBC5834D801}.Debug|Any CPU.ActiveCfg = Debug|Any CPU
		{EE2A26EA-86AF-4671-97FE-1BBC5834D801}.Debug|Any CPU.Build.0 = Debug|Any CPU
		{EE2A26EA-86AF-4671-97FE-1BBC5834D801}.Release|Any CPU.ActiveCfg = Release|Any CPU
		{EE2A26EA-86AF-4671-97FE-1BBC5834D801}.Release|Any CPU.Build.0 = Release|Any CPU
		{1630B839-0A0A-4A16-8C30-E97539CBCD62}.Debug|Any CPU.ActiveCfg = Debug|Any CPU
		{1630B839-0A0A-4A16-8C30-E97539CBCD62}.Debug|Any CPU.Build.0 = Debug|Any CPU
		{1630B839-0A0A-4A16-8C30-E97539CBCD62}.Release|Any CPU.ActiveCfg = Release|Any CPU
		{1630B839-0A0A-4A16-8C30-E97539CBCD62}.Release|Any CPU.Build.0 = Release|Any CPU
	EndGlobalSection
	GlobalSection(SolutionProperties) = preSolution
		HideSolutionNode = FALSE
	EndGlobalSection
	GlobalSection(NestedProjects) = preSolution
		{EE2A26EA-86AF-4671-97FE-1BBC5834D801} = {42F671C4-FB9B-47AB-9EC3-570D1B731D68}
		{1630B839-0A0A-4A16-8C30-E97539CBCD62} = {07E163EB-E9B2-4652-A87C-8D39B8B63B20}
	EndGlobalSection
	GlobalSection(ExtensibilityGlobals) = postSolution
		SolutionGuid = {AE4591FD-3712-4253-AC15-4A4C47361A8F}
	EndGlobalSection
EndGlobal
